// !$*UTF8*$!
{
	archiveVersion = 1;
	classes = {
	};
	objectVersion = 52;
	objects = {

/* Begin PBXBuildFile section */
		8F41107726A9AC0A00B2A723 /* AuthVC.swift in Sources */ = {isa = PBXBuildFile; fileRef = 8F41107526A9AC0A00B2A723 /* AuthVC.swift */; };
		8F41107826A9AC0A00B2A723 /* AuthVC.xib in Resources */ = {isa = PBXBuildFile; fileRef = 8F41107626A9AC0A00B2A723 /* AuthVC.xib */; };
		8F41107B26A9DF1F00B2A723 /* UserInfoStorage.swift in Sources */ = {isa = PBXBuildFile; fileRef = 8F41107A26A9DF1F00B2A723 /* UserInfoStorage.swift */; };
		8F41107D26A9E22C00B2A723 /* UserInfo.swift in Sources */ = {isa = PBXBuildFile; fileRef = 8F41107C26A9E22C00B2A723 /* UserInfo.swift */; };
		8F41107F26A9E2B600B2A723 /* UserInfoObject.swift in Sources */ = {isa = PBXBuildFile; fileRef = 8F41107E26A9E2B600B2A723 /* UserInfoObject.swift */; };
		8F41108126A9E55400B2A723 /* UserInfoManager.swift in Sources */ = {isa = PBXBuildFile; fileRef = 8F41108026A9E55400B2A723 /* UserInfoManager.swift */; };
		8F41108426A9F26600B2A723 /* AlbumVC.swift in Sources */ = {isa = PBXBuildFile; fileRef = 8F41108226A9F26600B2A723 /* AlbumVC.swift */; };
		8F41108526A9F26600B2A723 /* AlbumVC.xib in Resources */ = {isa = PBXBuildFile; fileRef = 8F41108326A9F26600B2A723 /* AlbumVC.xib */; };
		8F61A97326AC40BC000FCDD5 /* PhotoDetailsVS.swift in Sources */ = {isa = PBXBuildFile; fileRef = 8F61A97126AC40BC000FCDD5 /* PhotoDetailsVS.swift */; };
		8F61A97426AC40BC000FCDD5 /* PhotoDetailsVS.xib in Resources */ = {isa = PBXBuildFile; fileRef = 8F61A97226AC40BC000FCDD5 /* PhotoDetailsVS.xib */; };
		8F61A97C26AC805C000FCDD5 /* Localizer in Frameworks */ = {isa = PBXBuildFile; productRef = 8F61A97B26AC805C000FCDD5 /* Localizer */; };
		8F61A97E26AC80CA000FCDD5 /* UIViewControllerExtension.swift in Sources */ = {isa = PBXBuildFile; fileRef = 8F61A97D26AC80CA000FCDD5 /* UIViewControllerExtension.swift */; };
		8F61A98026ACB73C000FCDD5 /* СustomActivity.swift in Sources */ = {isa = PBXBuildFile; fileRef = 8F61A97F26ACB73C000FCDD5 /* СustomActivity.swift */; };
		8F61A98226ADE604000FCDD5 /* NetworkError.swift in Sources */ = {isa = PBXBuildFile; fileRef = 8F61A98126ADE604000FCDD5 /* NetworkError.swift */; };
		8F7F212F26AAD03100B58753 /* NetworkService.swift in Sources */ = {isa = PBXBuildFile; fileRef = 8F7F212E26AAD03100B58753 /* NetworkService.swift */; };
		8F7F213126AAD11800B58753 /* AlbumNetworkService.swift in Sources */ = {isa = PBXBuildFile; fileRef = 8F7F213026AAD11800B58753 /* AlbumNetworkService.swift */; };
		8F7F213326AADD5B00B58753 /* Photos.swift in Sources */ = {isa = PBXBuildFile; fileRef = 8F7F213226AADD5B00B58753 /* Photos.swift */; };
		8F7F213A26AB03BD00B58753 /* PhotoCell.swift in Sources */ = {isa = PBXBuildFile; fileRef = 8F7F213826AB03BD00B58753 /* PhotoCell.swift */; };
		8F7F213B26AB03BD00B58753 /* PhotoCell.xib in Resources */ = {isa = PBXBuildFile; fileRef = 8F7F213926AB03BD00B58753 /* PhotoCell.xib */; };
		8F7F213D26AB052900B58753 /* ConfigurableView.swift in Sources */ = {isa = PBXBuildFile; fileRef = 8F7F213C26AB052900B58753 /* ConfigurableView.swift */; };
		8F7F214026AB5B7800B58753 /* LoadingReusableView.swift in Sources */ = {isa = PBXBuildFile; fileRef = 8F7F213E26AB5B7800B58753 /* LoadingReusableView.swift */; };
		8F7F214126AB5B7800B58753 /* LoadingReusableView.xib in Resources */ = {isa = PBXBuildFile; fileRef = 8F7F213F26AB5B7800B58753 /* LoadingReusableView.xib */; };
		8F7F214426AB6A8A00B58753 /* SkeletonView in Frameworks */ = {isa = PBXBuildFile; productRef = 8F7F214326AB6A8A00B58753 /* SkeletonView */; };
		8F7F214726AB7CFA00B58753 /* Kingfisher in Frameworks */ = {isa = PBXBuildFile; productRef = 8F7F214626AB7CFA00B58753 /* Kingfisher */; };
		8FD4A88926A8B48D005FDCBA /* AppDelegate.swift in Sources */ = {isa = PBXBuildFile; fileRef = 8FD4A88826A8B48D005FDCBA /* AppDelegate.swift */; };
		8FD4A89326A8B48D005FDCBA /* MobileUpDemo.xcdatamodeld in Sources */ = {isa = PBXBuildFile; fileRef = 8FD4A89126A8B48D005FDCBA /* MobileUpDemo.xcdatamodeld */; };
		8FD4A89526A8B48E005FDCBA /* Assets.xcassets in Resources */ = {isa = PBXBuildFile; fileRef = 8FD4A89426A8B48E005FDCBA /* Assets.xcassets */; };
		8FD4A89826A8B48E005FDCBA /* LaunchScreen.storyboard in Resources */ = {isa = PBXBuildFile; fileRef = 8FD4A89626A8B48E005FDCBA /* LaunchScreen.storyboard */; };
		8FD4A8A226A8B57D005FDCBA /* MainVC.swift in Sources */ = {isa = PBXBuildFile; fileRef = 8FD4A8A026A8B57D005FDCBA /* MainVC.swift */; };
		8FD4A8A326A8B57D005FDCBA /* MainVC.xib in Resources */ = {isa = PBXBuildFile; fileRef = 8FD4A8A126A8B57D005FDCBA /* MainVC.xib */; };
/* End PBXBuildFile section */

/* Begin PBXFileReference section */
		8F41107526A9AC0A00B2A723 /* AuthVC.swift */ = {isa = PBXFileReference; lastKnownFileType = sourcecode.swift; path = AuthVC.swift; sourceTree = "<group>"; };
		8F41107626A9AC0A00B2A723 /* AuthVC.xib */ = {isa = PBXFileReference; lastKnownFileType = file.xib; path = AuthVC.xib; sourceTree = "<group>"; };
		8F41107A26A9DF1F00B2A723 /* UserInfoStorage.swift */ = {isa = PBXFileReference; lastKnownFileType = sourcecode.swift; path = UserInfoStorage.swift; sourceTree = "<group>"; };
		8F41107C26A9E22C00B2A723 /* UserInfo.swift */ = {isa = PBXFileReference; lastKnownFileType = sourcecode.swift; path = UserInfo.swift; sourceTree = "<group>"; };
		8F41107E26A9E2B600B2A723 /* UserInfoObject.swift */ = {isa = PBXFileReference; lastKnownFileType = sourcecode.swift; path = UserInfoObject.swift; sourceTree = "<group>"; };
		8F41108026A9E55400B2A723 /* UserInfoManager.swift */ = {isa = PBXFileReference; lastKnownFileType = sourcecode.swift; path = UserInfoManager.swift; sourceTree = "<group>"; };
		8F41108226A9F26600B2A723 /* AlbumVC.swift */ = {isa = PBXFileReference; lastKnownFileType = sourcecode.swift; path = AlbumVC.swift; sourceTree = "<group>"; };
		8F41108326A9F26600B2A723 /* AlbumVC.xib */ = {isa = PBXFileReference; lastKnownFileType = file.xib; path = AlbumVC.xib; sourceTree = "<group>"; };
		8F61A97126AC40BC000FCDD5 /* PhotoDetailsVS.swift */ = {isa = PBXFileReference; lastKnownFileType = sourcecode.swift; path = PhotoDetailsVS.swift; sourceTree = "<group>"; };
		8F61A97226AC40BC000FCDD5 /* PhotoDetailsVS.xib */ = {isa = PBXFileReference; lastKnownFileType = file.xib; path = PhotoDetailsVS.xib; sourceTree = "<group>"; };
		8F61A97926AC7FCD000FCDD5 /* ru */ = {isa = PBXFileReference; lastKnownFileType = text.plist.strings; name = ru; path = ru.lproj/LaunchScreen.strings; sourceTree = "<group>"; };
		8F61A97D26AC80CA000FCDD5 /* UIViewControllerExtension.swift */ = {isa = PBXFileReference; lastKnownFileType = sourcecode.swift; path = UIViewControllerExtension.swift; sourceTree = "<group>"; };
		8F61A97F26ACB73C000FCDD5 /* СustomActivity.swift */ = {isa = PBXFileReference; lastKnownFileType = sourcecode.swift; path = "СustomActivity.swift"; sourceTree = "<group>"; };
		8F61A98126ADE604000FCDD5 /* NetworkError.swift */ = {isa = PBXFileReference; lastKnownFileType = sourcecode.swift; path = NetworkError.swift; sourceTree = "<group>"; };
		8F7F212E26AAD03100B58753 /* NetworkService.swift */ = {isa = PBXFileReference; lastKnownFileType = sourcecode.swift; path = NetworkService.swift; sourceTree = "<group>"; };
		8F7F213026AAD11800B58753 /* AlbumNetworkService.swift */ = {isa = PBXFileReference; lastKnownFileType = sourcecode.swift; path = AlbumNetworkService.swift; sourceTree = "<group>"; };
		8F7F213226AADD5B00B58753 /* Photos.swift */ = {isa = PBXFileReference; lastKnownFileType = sourcecode.swift; path = Photos.swift; sourceTree = "<group>"; };
		8F7F213826AB03BD00B58753 /* PhotoCell.swift */ = {isa = PBXFileReference; lastKnownFileType = sourcecode.swift; path = PhotoCell.swift; sourceTree = "<group>"; };
		8F7F213926AB03BD00B58753 /* PhotoCell.xib */ = {isa = PBXFileReference; lastKnownFileType = file.xib; path = PhotoCell.xib; sourceTree = "<group>"; };
		8F7F213C26AB052900B58753 /* ConfigurableView.swift */ = {isa = PBXFileReference; lastKnownFileType = sourcecode.swift; path = ConfigurableView.swift; sourceTree = "<group>"; };
		8F7F213E26AB5B7800B58753 /* LoadingReusableView.swift */ = {isa = PBXFileReference; lastKnownFileType = sourcecode.swift; path = LoadingReusableView.swift; sourceTree = "<group>"; };
		8F7F213F26AB5B7800B58753 /* LoadingReusableView.xib */ = {isa = PBXFileReference; lastKnownFileType = file.xib; path = LoadingReusableView.xib; sourceTree = "<group>"; };
		8FD4A88526A8B48D005FDCBA /* MobileUpDemo.app */ = {isa = PBXFileReference; explicitFileType = wrapper.application; includeInIndex = 0; path = MobileUpDemo.app; sourceTree = BUILT_PRODUCTS_DIR; };
		8FD4A88826A8B48D005FDCBA /* AppDelegate.swift */ = {isa = PBXFileReference; lastKnownFileType = sourcecode.swift; path = AppDelegate.swift; sourceTree = "<group>"; };
		8FD4A89226A8B48D005FDCBA /* MobileUpDemo.xcdatamodel */ = {isa = PBXFileReference; lastKnownFileType = wrapper.xcdatamodel; path = MobileUpDemo.xcdatamodel; sourceTree = "<group>"; };
		8FD4A89426A8B48E005FDCBA /* Assets.xcassets */ = {isa = PBXFileReference; lastKnownFileType = folder.assetcatalog; path = Assets.xcassets; sourceTree = "<group>"; };
		8FD4A89726A8B48E005FDCBA /* Base */ = {isa = PBXFileReference; lastKnownFileType = file.storyboard; name = Base; path = Base.lproj/LaunchScreen.storyboard; sourceTree = "<group>"; };
		8FD4A89926A8B48E005FDCBA /* Info.plist */ = {isa = PBXFileReference; lastKnownFileType = text.plist.xml; path = Info.plist; sourceTree = "<group>"; };
		8FD4A8A026A8B57D005FDCBA /* MainVC.swift */ = {isa = PBXFileReference; lastKnownFileType = sourcecode.swift; path = MainVC.swift; sourceTree = "<group>"; };
		8FD4A8A126A8B57D005FDCBA /* MainVC.xib */ = {isa = PBXFileReference; lastKnownFileType = file.xib; path = MainVC.xib; sourceTree = "<group>"; };
/* End PBXFileReference section */

/* Begin PBXFrameworksBuildPhase section */
		8FD4A88226A8B48D005FDCBA /* Frameworks */ = {
			isa = PBXFrameworksBuildPhase;
			buildActionMask = 2147483647;
			files = (
				8F7F214726AB7CFA00B58753 /* Kingfisher in Frameworks */,
				8F7F214426AB6A8A00B58753 /* SkeletonView in Frameworks */,
				8F61A97C26AC805C000FCDD5 /* Localizer in Frameworks */,
			);
			runOnlyForDeploymentPostprocessing = 0;
		};
/* End PBXFrameworksBuildPhase section */

/* Begin PBXGroup section */
		8F41107926A9DEDE00B2A723 /* CoreData */ = {
			isa = PBXGroup;
			children = (
				8F41107A26A9DF1F00B2A723 /* UserInfoStorage.swift */,
				8F41107C26A9E22C00B2A723 /* UserInfo.swift */,
				8F41107E26A9E2B600B2A723 /* UserInfoObject.swift */,
				8FD4A89126A8B48D005FDCBA /* MobileUpDemo.xcdatamodeld */,
				8F41108026A9E55400B2A723 /* UserInfoManager.swift */,
			);
			path = CoreData;
			sourceTree = "<group>";
		};
		8F61A97026AC4067000FCDD5 /* PhotoDetails */ = {
			isa = PBXGroup;
			children = (
				8F61A97126AC40BC000FCDD5 /* PhotoDetailsVS.swift */,
				8F61A97226AC40BC000FCDD5 /* PhotoDetailsVS.xib */,
				8F61A97F26ACB73C000FCDD5 /* СustomActivity.swift */,
			);
			path = PhotoDetails;
			sourceTree = "<group>";
		};
		8F7F212D26AACEE100B58753 /* Network */ = {
			isa = PBXGroup;
			children = (
				8F7F212E26AAD03100B58753 /* NetworkService.swift */,
				8F7F213026AAD11800B58753 /* AlbumNetworkService.swift */,
				8F61A98126ADE604000FCDD5 /* NetworkError.swift */,
			);
			path = Network;
			sourceTree = "<group>";
		};
		8FD4A87C26A8B48D005FDCBA = {
			isa = PBXGroup;
			children = (
				8FD4A88726A8B48D005FDCBA /* MobileUpDemo */,
				8FD4A88626A8B48D005FDCBA /* Products */,
			);
			sourceTree = "<group>";
		};
		8FD4A88626A8B48D005FDCBA /* Products */ = {
			isa = PBXGroup;
			children = (
				8FD4A88526A8B48D005FDCBA /* MobileUpDemo.app */,
			);
			name = Products;
			sourceTree = "<group>";
		};
		8FD4A88726A8B48D005FDCBA /* MobileUpDemo */ = {
			isa = PBXGroup;
			children = (
				8FD4A88826A8B48D005FDCBA /* AppDelegate.swift */,
				8FD4A8A626A8BAA3005FDCBA /* Album */,
				8FD4A8A526A8BA96005FDCBA /* Auth */,
				8F41107926A9DEDE00B2A723 /* CoreData */,
				8FD4A8A426A8BA7F005FDCBA /* Main */,
				8F7F212D26AACEE100B58753 /* Network */,
				8F61A97026AC4067000FCDD5 /* PhotoDetails */,
				8FD4A89F26A8B4EE005FDCBA /* SupportFiles */,
			);
			path = MobileUpDemo;
			sourceTree = "<group>";
		};
		8FD4A89F26A8B4EE005FDCBA /* SupportFiles */ = {
			isa = PBXGroup;
			children = (
				8FD4A89426A8B48E005FDCBA /* Assets.xcassets */,
				8FD4A89626A8B48E005FDCBA /* LaunchScreen.storyboard */,
				8FD4A89926A8B48E005FDCBA /* Info.plist */,
				8F7F213C26AB052900B58753 /* ConfigurableView.swift */,
				8F61A97D26AC80CA000FCDD5 /* UIViewControllerExtension.swift */,
			);
			path = SupportFiles;
			sourceTree = "<group>";
		};
		8FD4A8A426A8BA7F005FDCBA /* Main */ = {
			isa = PBXGroup;
			children = (
				8FD4A8A026A8B57D005FDCBA /* MainVC.swift */,
				8FD4A8A126A8B57D005FDCBA /* MainVC.xib */,
			);
			path = Main;
			sourceTree = "<group>";
		};
		8FD4A8A526A8BA96005FDCBA /* Auth */ = {
			isa = PBXGroup;
			children = (
				8F41107526A9AC0A00B2A723 /* AuthVC.swift */,
				8F41107626A9AC0A00B2A723 /* AuthVC.xib */,
			);
			path = Auth;
			sourceTree = "<group>";
		};
		8FD4A8A626A8BAA3005FDCBA /* Album */ = {
			isa = PBXGroup;
			children = (
				8F41108226A9F26600B2A723 /* AlbumVC.swift */,
				8F41108326A9F26600B2A723 /* AlbumVC.xib */,
				8F7F213226AADD5B00B58753 /* Photos.swift */,
				8F7F213826AB03BD00B58753 /* PhotoCell.swift */,
				8F7F213926AB03BD00B58753 /* PhotoCell.xib */,
				8F7F213E26AB5B7800B58753 /* LoadingReusableView.swift */,
				8F7F213F26AB5B7800B58753 /* LoadingReusableView.xib */,
			);
			path = Album;
			sourceTree = "<group>";
		};
/* End PBXGroup section */

/* Begin PBXNativeTarget section */
		8FD4A88426A8B48D005FDCBA /* MobileUpDemo */ = {
			isa = PBXNativeTarget;
			buildConfigurationList = 8FD4A89C26A8B48E005FDCBA /* Build configuration list for PBXNativeTarget "MobileUpDemo" */;
			buildPhases = (
				8FD4A88126A8B48D005FDCBA /* Sources */,
				8FD4A88226A8B48D005FDCBA /* Frameworks */,
				8FD4A88326A8B48D005FDCBA /* Resources */,
			);
			buildRules = (
			);
			dependencies = (
			);
			name = MobileUpDemo;
			packageProductDependencies = (
				8F7F214326AB6A8A00B58753 /* SkeletonView */,
				8F7F214626AB7CFA00B58753 /* Kingfisher */,
				8F61A97B26AC805C000FCDD5 /* Localizer */,
			);
			productName = MobileUpDemo;
			productReference = 8FD4A88526A8B48D005FDCBA /* MobileUpDemo.app */;
			productType = "com.apple.product-type.application";
		};
/* End PBXNativeTarget section */

/* Begin PBXProject section */
		8FD4A87D26A8B48D005FDCBA /* Project object */ = {
			isa = PBXProject;
			attributes = {
				LastSwiftUpdateCheck = 1250;
				LastUpgradeCheck = 1250;
				TargetAttributes = {
					8FD4A88426A8B48D005FDCBA = {
						CreatedOnToolsVersion = 12.5.1;
					};
				};
			};
			buildConfigurationList = 8FD4A88026A8B48D005FDCBA /* Build configuration list for PBXProject "MobileUpDemo" */;
			compatibilityVersion = "Xcode 9.3";
			developmentRegion = en;
			hasScannedForEncodings = 0;
			knownRegions = (
				en,
				Base,
				ru,
			);
			mainGroup = 8FD4A87C26A8B48D005FDCBA;
			packageReferences = (
				8F7F214226AB6A8A00B58753 /* XCRemoteSwiftPackageReference "SkeletonView" */,
				8F7F214526AB7CFA00B58753 /* XCRemoteSwiftPackageReference "Kingfisher" */,
				8F61A97A26AC805C000FCDD5 /* XCRemoteSwiftPackageReference "Localizer" */,
			);
			productRefGroup = 8FD4A88626A8B48D005FDCBA /* Products */;
			projectDirPath = "";
			projectRoot = "";
			targets = (
				8FD4A88426A8B48D005FDCBA /* MobileUpDemo */,
			);
		};
/* End PBXProject section */

/* Begin PBXResourcesBuildPhase section */
		8FD4A88326A8B48D005FDCBA /* Resources */ = {
			isa = PBXResourcesBuildPhase;
			buildActionMask = 2147483647;
			files = (
				8F61A97426AC40BC000FCDD5 /* PhotoDetailsVS.xib in Resources */,
				8FD4A89826A8B48E005FDCBA /* LaunchScreen.storyboard in Resources */,
				8FD4A89526A8B48E005FDCBA /* Assets.xcassets in Resources */,
				8F41107826A9AC0A00B2A723 /* AuthVC.xib in Resources */,
				8F41108526A9F26600B2A723 /* AlbumVC.xib in Resources */,
				8FD4A8A326A8B57D005FDCBA /* MainVC.xib in Resources */,
				8F7F213B26AB03BD00B58753 /* PhotoCell.xib in Resources */,
				8F7F214126AB5B7800B58753 /* LoadingReusableView.xib in Resources */,
			);
			runOnlyForDeploymentPostprocessing = 0;
		};
/* End PBXResourcesBuildPhase section */

/* Begin PBXSourcesBuildPhase section */
		8FD4A88126A8B48D005FDCBA /* Sources */ = {
			isa = PBXSourcesBuildPhase;
			buildActionMask = 2147483647;
			files = (
				8F7F213D26AB052900B58753 /* ConfigurableView.swift in Sources */,
				8F7F213A26AB03BD00B58753 /* PhotoCell.swift in Sources */,
				8F7F213326AADD5B00B58753 /* Photos.swift in Sources */,
				8F7F212F26AAD03100B58753 /* NetworkService.swift in Sources */,
				8F61A97E26AC80CA000FCDD5 /* UIViewControllerExtension.swift in Sources */,
				8F61A97326AC40BC000FCDD5 /* PhotoDetailsVS.swift in Sources */,
				8FD4A8A226A8B57D005FDCBA /* MainVC.swift in Sources */,
				8FD4A88926A8B48D005FDCBA /* AppDelegate.swift in Sources */,
				8F41108126A9E55400B2A723 /* UserInfoManager.swift in Sources */,
				8F7F213126AAD11800B58753 /* AlbumNetworkService.swift in Sources */,
				8F7F214026AB5B7800B58753 /* LoadingReusableView.swift in Sources */,
				8F41107B26A9DF1F00B2A723 /* UserInfoStorage.swift in Sources */,
				8F41107726A9AC0A00B2A723 /* AuthVC.swift in Sources */,
				8F41107F26A9E2B600B2A723 /* UserInfoObject.swift in Sources */,
				8F41108426A9F26600B2A723 /* AlbumVC.swift in Sources */,
				8F41107D26A9E22C00B2A723 /* UserInfo.swift in Sources */,
				8FD4A89326A8B48D005FDCBA /* MobileUpDemo.xcdatamodeld in Sources */,
				8F61A98026ACB73C000FCDD5 /* СustomActivity.swift in Sources */,
				8F61A98226ADE604000FCDD5 /* NetworkError.swift in Sources */,
			);
			runOnlyForDeploymentPostprocessing = 0;
		};
/* End PBXSourcesBuildPhase section */

/* Begin PBXVariantGroup section */
		8FD4A89626A8B48E005FDCBA /* LaunchScreen.storyboard */ = {
			isa = PBXVariantGroup;
			children = (
				8FD4A89726A8B48E005FDCBA /* Base */,
				8F61A97926AC7FCD000FCDD5 /* ru */,
			);
			name = LaunchScreen.storyboard;
			sourceTree = "<group>";
		};
/* End PBXVariantGroup section */

/* Begin XCBuildConfiguration section */
		8FD4A89A26A8B48E005FDCBA /* Debug */ = {
			isa = XCBuildConfiguration;
			buildSettings = {
				ALWAYS_SEARCH_USER_PATHS = NO;
				CLANG_ANALYZER_LOCALIZABILITY_NONLOCALIZED = YES;
				CLANG_ANALYZER_NONNULL = YES;
				CLANG_ANALYZER_NUMBER_OBJECT_CONVERSION = YES_AGGRESSIVE;
				CLANG_CXX_LANGUAGE_STANDARD = "gnu++14";
				CLANG_CXX_LIBRARY = "libc++";
				CLANG_ENABLE_MODULES = YES;
				CLANG_ENABLE_OBJC_ARC = YES;
				CLANG_ENABLE_OBJC_WEAK = YES;
				CLANG_WARN_BLOCK_CAPTURE_AUTORELEASING = YES;
				CLANG_WARN_BOOL_CONVERSION = YES;
				CLANG_WARN_COMMA = YES;
				CLANG_WARN_CONSTANT_CONVERSION = YES;
				CLANG_WARN_DEPRECATED_OBJC_IMPLEMENTATIONS = YES;
				CLANG_WARN_DIRECT_OBJC_ISA_USAGE = YES_ERROR;
				CLANG_WARN_DOCUMENTATION_COMMENTS = YES;
				CLANG_WARN_EMPTY_BODY = YES;
				CLANG_WARN_ENUM_CONVERSION = YES;
				CLANG_WARN_INFINITE_RECURSION = YES;
				CLANG_WARN_INT_CONVERSION = YES;
				CLANG_WARN_NON_LITERAL_NULL_CONVERSION = YES;
				CLANG_WARN_OBJC_IMPLICIT_RETAIN_SELF = YES;
				CLANG_WARN_OBJC_LITERAL_CONVERSION = YES;
				CLANG_WARN_OBJC_ROOT_CLASS = YES_ERROR;
				CLANG_WARN_QUOTED_INCLUDE_IN_FRAMEWORK_HEADER = YES;
				CLANG_WARN_RANGE_LOOP_ANALYSIS = YES;
				CLANG_WARN_STRICT_PROTOTYPES = YES;
				CLANG_WARN_SUSPICIOUS_MOVE = YES;
				CLANG_WARN_UNGUARDED_AVAILABILITY = YES_AGGRESSIVE;
				CLANG_WARN_UNREACHABLE_CODE = YES;
				CLANG_WARN__DUPLICATE_METHOD_MATCH = YES;
				COPY_PHASE_STRIP = NO;
				DEBUG_INFORMATION_FORMAT = dwarf;
				ENABLE_STRICT_OBJC_MSGSEND = YES;
				ENABLE_TESTABILITY = YES;
				GCC_C_LANGUAGE_STANDARD = gnu11;
				GCC_DYNAMIC_NO_PIC = NO;
				GCC_NO_COMMON_BLOCKS = YES;
				GCC_OPTIMIZATION_LEVEL = 0;
				GCC_PREPROCESSOR_DEFINITIONS = (
					"DEBUG=1",
					"$(inherited)",
				);
				GCC_WARN_64_TO_32_BIT_CONVERSION = YES;
				GCC_WARN_ABOUT_RETURN_TYPE = YES_ERROR;
				GCC_WARN_UNDECLARED_SELECTOR = YES;
				GCC_WARN_UNINITIALIZED_AUTOS = YES_AGGRESSIVE;
				GCC_WARN_UNUSED_FUNCTION = YES;
				GCC_WARN_UNUSED_VARIABLE = YES;
				IPHONEOS_DEPLOYMENT_TARGET = 13.0;
				MTL_ENABLE_DEBUG_INFO = INCLUDE_SOURCE;
				MTL_FAST_MATH = YES;
				ONLY_ACTIVE_ARCH = YES;
				SDKROOT = iphoneos;
				SWIFT_ACTIVE_COMPILATION_CONDITIONS = DEBUG;
				SWIFT_OPTIMIZATION_LEVEL = "-Onone";
			};
			name = Debug;
		};
		8FD4A89B26A8B48E005FDCBA /* Release */ = {
			isa = XCBuildConfiguration;
			buildSettings = {
				ALWAYS_SEARCH_USER_PATHS = NO;
				CLANG_ANALYZER_LOCALIZABILITY_NONLOCALIZED = YES;
				CLANG_ANALYZER_NONNULL = YES;
				CLANG_ANALYZER_NUMBER_OBJECT_CONVERSION = YES_AGGRESSIVE;
				CLANG_CXX_LANGUAGE_STANDARD = "gnu++14";
				CLANG_CXX_LIBRARY = "libc++";
				CLANG_ENABLE_MODULES = YES;
				CLANG_ENABLE_OBJC_ARC = YES;
				CLANG_ENABLE_OBJC_WEAK = YES;
				CLANG_WARN_BLOCK_CAPTURE_AUTORELEASING = YES;
				CLANG_WARN_BOOL_CONVERSION = YES;
				CLANG_WARN_COMMA = YES;
				CLANG_WARN_CONSTANT_CONVERSION = YES;
				CLANG_WARN_DEPRECATED_OBJC_IMPLEMENTATIONS = YES;
				CLANG_WARN_DIRECT_OBJC_ISA_USAGE = YES_ERROR;
				CLANG_WARN_DOCUMENTATION_COMMENTS = YES;
				CLANG_WARN_EMPTY_BODY = YES;
				CLANG_WARN_ENUM_CONVERSION = YES;
				CLANG_WARN_INFINITE_RECURSION = YES;
				CLANG_WARN_INT_CONVERSION = YES;
				CLANG_WARN_NON_LITERAL_NULL_CONVERSION = YES;
				CLANG_WARN_OBJC_IMPLICIT_RETAIN_SELF = YES;
				CLANG_WARN_OBJC_LITERAL_CONVERSION = YES;
				CLANG_WARN_OBJC_ROOT_CLASS = YES_ERROR;
				CLANG_WARN_QUOTED_INCLUDE_IN_FRAMEWORK_HEADER = YES;
				CLANG_WARN_RANGE_LOOP_ANALYSIS = YES;
				CLANG_WARN_STRICT_PROTOTYPES = YES;
				CLANG_WARN_SUSPICIOUS_MOVE = YES;
				CLANG_WARN_UNGUARDED_AVAILABILITY = YES_AGGRESSIVE;
				CLANG_WARN_UNREACHABLE_CODE = YES;
				CLANG_WARN__DUPLICATE_METHOD_MATCH = YES;
				COPY_PHASE_STRIP = NO;
				DEBUG_INFORMATION_FORMAT = "dwarf-with-dsym";
				ENABLE_NS_ASSERTIONS = NO;
				ENABLE_STRICT_OBJC_MSGSEND = YES;
				GCC_C_LANGUAGE_STANDARD = gnu11;
				GCC_NO_COMMON_BLOCKS = YES;
				GCC_WARN_64_TO_32_BIT_CONVERSION = YES;
				GCC_WARN_ABOUT_RETURN_TYPE = YES_ERROR;
				GCC_WARN_UNDECLARED_SELECTOR = YES;
				GCC_WARN_UNINITIALIZED_AUTOS = YES_AGGRESSIVE;
				GCC_WARN_UNUSED_FUNCTION = YES;
				GCC_WARN_UNUSED_VARIABLE = YES;
				IPHONEOS_DEPLOYMENT_TARGET = 13.0;
				MTL_ENABLE_DEBUG_INFO = NO;
				MTL_FAST_MATH = YES;
				SDKROOT = iphoneos;
				SWIFT_COMPILATION_MODE = wholemodule;
				SWIFT_OPTIMIZATION_LEVEL = "-O";
				VALIDATE_PRODUCT = YES;
			};
			name = Release;
		};
		8FD4A89D26A8B48E005FDCBA /* Debug */ = {
			isa = XCBuildConfiguration;
			buildSettings = {
				ASSETCATALOG_COMPILER_APPICON_NAME = AppIcon;
				ASSETCATALOG_COMPILER_GLOBAL_ACCENT_COLOR_NAME = AccentColor;
				CODE_SIGN_STYLE = Automatic;
				DEVELOPMENT_TEAM = 3DK6S8779M;
				INFOPLIST_FILE = MobileUpDemo/SupportFiles/Info.plist;
				IPHONEOS_DEPLOYMENT_TARGET = 13.0;
				LD_RUNPATH_SEARCH_PATHS = (
					"$(inherited)",
					"@executable_path/Frameworks",
				);
				PRODUCT_BUNDLE_IDENTIFIER = vgrokhotov.MobileUpDemo;
				PRODUCT_NAME = "$(TARGET_NAME)";
				SWIFT_VERSION = 5.0;
				TARGETED_DEVICE_FAMILY = 1;
			};
			name = Debug;
		};
		8FD4A89E26A8B48E005FDCBA /* Release */ = {
			isa = XCBuildConfiguration;
			buildSettings = {
				ASSETCATALOG_COMPILER_APPICON_NAME = AppIcon;
				ASSETCATALOG_COMPILER_GLOBAL_ACCENT_COLOR_NAME = AccentColor;
				CODE_SIGN_STYLE = Automatic;
				DEVELOPMENT_TEAM = 3DK6S8779M;
				INFOPLIST_FILE = MobileUpDemo/SupportFiles/Info.plist;
				IPHONEOS_DEPLOYMENT_TARGET = 13.0;
				LD_RUNPATH_SEARCH_PATHS = (
					"$(inherited)",
					"@executable_path/Frameworks",
				);
				PRODUCT_BUNDLE_IDENTIFIER = vgrokhotov.MobileUpDemo;
				PRODUCT_NAME = "$(TARGET_NAME)";
				SWIFT_VERSION = 5.0;
				TARGETED_DEVICE_FAMILY = 1;
			};
			name = Release;
		};
/* End XCBuildConfiguration section */

/* Begin XCConfigurationList section */
		8FD4A88026A8B48D005FDCBA /* Build configuration list for PBXProject "MobileUpDemo" */ = {
			isa = XCConfigurationList;
			buildConfigurations = (
				8FD4A89A26A8B48E005FDCBA /* Debug */,
				8FD4A89B26A8B48E005FDCBA /* Release */,
			);
			defaultConfigurationIsVisible = 0;
			defaultConfigurationName = Release;
		};
		8FD4A89C26A8B48E005FDCBA /* Build configuration list for PBXNativeTarget "MobileUpDemo" */ = {
			isa = XCConfigurationList;
			buildConfigurations = (
				8FD4A89D26A8B48E005FDCBA /* Debug */,
				8FD4A89E26A8B48E005FDCBA /* Release */,
			);
			defaultConfigurationIsVisible = 0;
			defaultConfigurationName = Release;
		};
/* End XCConfigurationList section */

/* Begin XCRemoteSwiftPackageReference section */
		8F61A97A26AC805C000FCDD5 /* XCRemoteSwiftPackageReference "Localizer" */ = {
			isa = XCRemoteSwiftPackageReference;
			repositoryURL = "https://github.com/MihaelIsaev/Localizer";
			requirement = {
				kind = upToNextMajorVersion;
				minimumVersion = 1.0.2;
			};
		};
		8F7F214226AB6A8A00B58753 /* XCRemoteSwiftPackageReference "SkeletonView" */ = {
			isa = XCRemoteSwiftPackageReference;
			repositoryURL = "https://github.com/Juanpe/SkeletonView.git";
			requirement = {
				kind = upToNextMajorVersion;
				minimumVersion = 1.21.2;
			};
		};
		8F7F214526AB7CFA00B58753 /* XCRemoteSwiftPackageReference "Kingfisher" */ = {
			isa = XCRemoteSwiftPackageReference;
			repositoryURL = "https://github.com/onevcat/Kingfisher";
			requirement = {
				kind = upToNextMajorVersion;
				minimumVersion = 6.3.0;
			};
		};
/* End XCRemoteSwiftPackageReference section */

/* Begin XCSwiftPackageProductDependency section */
		8F61A97B26AC805C000FCDD5 /* Localizer */ = {
			isa = XCSwiftPackageProductDependency;
			package = 8F61A97A26AC805C000FCDD5 /* XCRemoteSwiftPackageReference "Localizer" */;
			productName = Localizer;
		};
		8F7F214326AB6A8A00B58753 /* SkeletonView */ = {
			isa = XCSwiftPackageProductDependency;
			package = 8F7F214226AB6A8A00B58753 /* XCRemoteSwiftPackageReference "SkeletonView" */;
			productName = SkeletonView;
		};
		8F7F214626AB7CFA00B58753 /* Kingfisher */ = {
			isa = XCSwiftPackageProductDependency;
			package = 8F7F214526AB7CFA00B58753 /* XCRemoteSwiftPackageReference "Kingfisher" */;
			productName = Kingfisher;
		};
/* End XCSwiftPackageProductDependency section */

/* Begin XCVersionGroup section */
		8FD4A89126A8B48D005FDCBA /* MobileUpDemo.xcdatamodeld */ = {
			isa = XCVersionGroup;
			children = (
				8FD4A89226A8B48D005FDCBA /* MobileUpDemo.xcdatamodel */,
			);
			currentVersion = 8FD4A89226A8B48D005FDCBA /* MobileUpDemo.xcdatamodel */;
			path = MobileUpDemo.xcdatamodeld;
			sourceTree = "<group>";
			versionGroupType = wrapper.xcdatamodel;
		};
/* End XCVersionGroup section */
	};
	rootObject = 8FD4A87D26A8B48D005FDCBA /* Project object */;
}
