{
  "object": {
    "pins": [
      {
        "package": "Kingfisher",
        "repositoryURL": "https://github.com/onevcat/Kingfisher",
        "state": {
          "branch": null,
          "revision": "44450a8f564d7c0165f736ba2250649ff8d3e556",
          "version": "6.3.0"
        }
      },
      {
        "package": "Localizer",
        "repositoryURL": "https://github.com/MihaelIsaev/Localizer",
        "state": {
          "branch": null,
          "revision": "6fa620dce9c52d2aab1aca9348f9d8427cfde509",
          "version": "1.0.2"
        }
      },
      {
        "package": "SkeletonView",
        "repositoryURL": "https://github.com/Juanpe/SkeletonView.git",
        "state": {
          "branch": null,
          "revision": "49fafccd3fbc9f403963a5952ece1713314481c7",
          "version": "1.21.2"
        }
      }
    ]
  },
  "version": 1
}
